{
  "name": "soulmate",
  "lockfileVersion": 2,
  "requires": true,
  "packages": {
    "": {
      "dependencies": {
        "@types/gapi": "^0.0.43",
        "@types/gapi.auth2": "^0.0.56"
      }
    },
    "node_modules/@types/gapi": {
      "version": "0.0.43",
      "resolved": "https://registry.npmjs.org/@types/gapi/-/gapi-0.0.43.tgz",
      "integrity": "sha512-GbnoTC1psXR1XlBE76LW0eanE/a56iGUzbUOImEI8/xXHuppdbhhIKX9Z71mTut2XoFADh58PgfRg1cyD7TnTw=="
    },
    "node_modules/@types/gapi.auth2": {
      "version": "0.0.56",
      "resolved": "https://registry.npmjs.org/@types/gapi.auth2/-/gapi.auth2-0.0.56.tgz",
      "integrity": "sha512-kGaBtGVCqGS3Y05L56dGVlBpJflxLfwA0zpMQnQgGRFk1tsMPbQnogG51UQjt1vCuYfRO0Jd9/K5KDtzjAbMkA==",
      "dependencies": {
        "@types/gapi": "*"
      }
    }
  },
  "dependencies": {
    "@types/gapi": {
      "version": "0.0.43",
      "resolved": "https://registry.npmjs.org/@types/gapi/-/gapi-0.0.43.tgz",
      "integrity": "sha512-GbnoTC1psXR1XlBE76LW0eanE/a56iGUzbUOImEI8/xXHuppdbhhIKX9Z71mTut2XoFADh58PgfRg1cyD7TnTw=="
    },
    "@types/gapi.auth2": {
      "version": "0.0.56",
      "resolved": "https://registry.npmjs.org/@types/gapi.auth2/-/gapi.auth2-0.0.56.tgz",
      "integrity": "sha512-kGaBtGVCqGS3Y05L56dGVlBpJflxLfwA0zpMQnQgGRFk1tsMPbQnogG51UQjt1vCuYfRO0Jd9/K5KDtzjAbMkA==",
      "requires": {
        "@types/gapi": "*"
      }
    }
  }
}
